// !$*UTF8*$!
{
	archiveVersion = 1;
	classes = {
	};
	objectVersion = 46;
	objects = {

/* Begin PBXBuildFile section */
		2192C92217C7C060002209CB /* Foundation.framework in Frameworks */ = {isa = PBXBuildFile; fileRef = 2192C92117C7C060002209CB /* Foundation.framework */; };
		2192C92517C7C060002209CB /* main.m in Sources */ = {isa = PBXBuildFile; fileRef = 2192C92417C7C060002209CB /* main.m */; };
		2192C92917C7C060002209CB /* Function.1 in CopyFiles */ = {isa = PBXBuildFile; fileRef = 2192C92817C7C060002209CB /* Function.1 */; };
/* End PBXBuildFile section */

/* Begin PBXCopyFilesBuildPhase section */
		2192C91C17C7C060002209CB /* CopyFiles */ = {
			isa = PBXCopyFilesBuildPhase;
			buildActionMask = 2147483647;
			dstPath = /usr/share/man/man1/;
			dstSubfolderSpec = 0;
			files = (
				2192C92917C7C060002209CB /* Function.1 in CopyFiles */,
			);
			runOnlyForDeploymentPostprocessing = 1;
		};
/* End PBXCopyFilesBuildPhase section */

/* Begin PBXFileReference section */
		2192C91E17C7C060002209CB /* Function */ = {isa = PBXFileReference; explicitFileType = "compiled.mach-o.executable"; includeInIndex = 0; path = Function; sourceTree = BUILT_PRODUCTS_DIR; };
		2192C92117C7C060002209CB /* Foundation.framework */ = {isa = PBXFileReference; lastKnownFileType = wrapper.framework; name = Foundation.framework; path = System/Library/Frameworks/Foundation.framework; sourceTree = SDKROOT; };
		2192C92417C7C060002209CB /* main.m */ = {isa = PBXFileReference; lastKnownFileType = sourcecode.c.objc; path = main.m; sourceTree = "<group>"; };
		2192C92717C7C060002209CB /* Function-Prefix.pch */ = {isa = PBXFileReference; lastKnownFileType = sourcecode.c.h; path = "Function-Prefix.pch"; sourceTree = "<group>"; };
		2192C92817C7C060002209CB /* Function.1 */ = {isa = PBXFileReference; lastKnownFileType = text.man; path = Function.1; sourceTree = "<group>"; };
/* End PBXFileReference section */

/* Begin PBXFrameworksBuildPhase section */
		2192C91B17C7C060002209CB /* Frameworks */ = {
			isa = PBXFrameworksBuildPhase;
			buildActionMask = 2147483647;
			files = (
				2192C92217C7C060002209CB /* Foundation.framework in Frameworks */,
			);
			runOnlyForDeploymentPostprocessing = 0;
		};
/* End PBXFrameworksBuildPhase section */

/* Begin PBXGroup section */
		2192C91517C7C060002209CB = {
			isa = PBXGroup;
			children = (
				2192C92317C7C060002209CB /* Function */,
				2192C92017C7C060002209CB /* Frameworks */,
				2192C91F17C7C060002209CB /* Products */,
			);
			sourceTree = "<group>";
		};
		2192C91F17C7C060002209CB /* Products */ = {
			isa = PBXGroup;
			children = (
				2192C91E17C7C060002209CB /* Function */,
			);
			name = Products;
			sourceTree = "<group>";
		};
		2192C92017C7C060002209CB /* Frameworks */ = {
			isa = PBXGroup;
			children = (
				2192C92117C7C060002209CB /* Foundation.framework */,
			);
			name = Frameworks;
			sourceTree = "<group>";
		};
		2192C92317C7C060002209CB /* Function */ = {
			isa = PBXGroup;
			children = (
				2192C92417C7C060002209CB /* main.m */,
				2192C92817C7C060002209CB /* Function.1 */,
				2192C92617C7C060002209CB /* Supporting Files */,
			);
			path = Function;
			sourceTree = "<group>";
		};
		2192C92617C7C060002209CB /* Supporting Files */ = {
			isa = PBXGroup;
			children = (
				2192C92717C7C060002209CB /* Function-Prefix.pch */,
			);
			name = "Supporting Files";
			sourceTree = "<group>";
		};
/* End PBXGroup section */

/* Begin PBXNativeTarget section */
		2192C91D17C7C060002209CB /* Function */ = {
			isa = PBXNativeTarget;
			buildConfigurationList = 2192C92C17C7C060002209CB /* Build configuration list for PBXNativeTarget "Function" */;
			buildPhases = (
				2192C91A17C7C060002209CB /* Sources */,
				2192C91B17C7C060002209CB /* Frameworks */,
				2192C91C17C7C060002209CB /* CopyFiles */,
			);
			buildRules = (
			);
			dependencies = (
			);
			name = Function;
			productName = Function;
			productReference = 2192C91E17C7C060002209CB /* Function */;
			productType = "com.apple.product-type.tool";
		};
/* End PBXNativeTarget section */

/* Begin PBXProject section */
		2192C91617C7C060002209CB /* Project object */ = {
			isa = PBXProject;
			attributes = {
				LastUpgradeCheck = 0460;
				ORGANIZATIONNAME = XUZAN;
			};
			buildConfigurationList = 2192C91917C7C060002209CB /* Build configuration list for PBXProject "Function" */;
			compatibilityVersion = "Xcode 3.2";
			developmentRegion = English;
			hasScannedForEncodings = 0;
			knownRegions = (
				en,
			);
			mainGroup = 2192C91517C7C060002209CB;
			productRefGroup = 2192C91F17C7C060002209CB /* Products */;
			projectDirPath = "";
			projectRoot = "";
			targets = (
				2192C91D17C7C060002209CB /* Function */,
			);
		};
/* End PBXProject section */

/* Begin PBXSourcesBuildPhase section */
		2192C91A17C7C060002209CB /* Sources */ = {
			isa = PBXSourcesBuildPhase;
			buildActionMask = 2147483647;
			files = (
				2192C92517C7C060002209CB /* main.m in Sources */,
			);
			runOnlyForDeploymentPostprocessing = 0;
		};
/* End PBXSourcesBuildPhase section */

/* Begin XCBuildConfiguration section */
		2192C92A17C7C060002209CB /* Debug */ = {
			isa = XCBuildConfiguration;
			buildSettings = {
				ALWAYS_SEARCH_USER_PATHS = NO;
				ARCHS = "$(ARCHS_STANDARD_64_BIT)";
				CLANG_CXX_LANGUAGE_STANDARD = "gnu++0x";
				CLANG_CXX_LIBRARY = "libc++";
				CLANG_WARN_CONSTANT_CONVERSION = YES;
				CLANG_WARN_EMPTY_BODY = YES;
				CLANG_WARN_ENUM_CONVERSION = YES;
				CLANG_WARN_INT_CONVERSION = YES;
				CLANG_WARN__DUPLICATE_METHOD_MATCH = YES;
				COPY_PHASE_STRIP = NO;
				GCC_C_LANGUAGE_STANDARD = gnu99;
				GCC_DYNAMIC_NO_PIC = NO;
				GCC_ENABLE_OBJC_EXCEPTIONS = YES;
				GCC_OPTIMIZATION_LEVEL = 0;
				GCC_PREPROCESSOR_DEFINITIONS = (
					"DEBUG=1",
					"$(inherited)",
				);
				GCC_SYMBOLS_PRIVATE_EXTERN = NO;
				GCC_WARN_64_TO_32_BIT_CONVERSION = YES;
				GCC_WARN_ABOUT_RETURN_TYPE = YES;
				GCC_WARN_UNINITIALIZED_AUTOS = YES;
				GCC_WARN_UNUSED_VARIABLE = YES;
				MACOSX_DEPLOYMENT_TARGET = 10.8;
				ONLY_ACTIVE_ARCH = YES;
				SDKROOT = macosx;
			};
			name = Debug;
		};
		2192C92B17C7C060002209CB /* Release */ = {
			isa = XCBuildConfiguration;
			buildSettings = {
				ALWAYS_SEARCH_USER_PATHS = NO;
				ARCHS = "$(ARCHS_STANDARD_64_BIT)";
				CLANG_CXX_LANGUAGE_STANDARD = "gnu++0x";
				CLANG_CXX_LIBRARY = "libc++";
				CLANG_WARN_CONSTANT_CONVERSION = YES;
				CLANG_WARN_EMPTY_BODY = YES;
				CLANG_WARN_ENUM_CONVERSION = YES;
				CLANG_WARN_INT_CONVERSION = YES;
				CLANG_WARN__DUPLICATE_METHOD_MATCH = YES;
				COPY_PHASE_STRIP = YES;
				DEBUG_INFORMATION_FORMAT = "dwarf-with-dsym";
				GCC_C_LANGUAGE_STANDARD = gnu99;
				GCC_ENABLE_OBJC_EXCEPTIONS = YES;
				GCC_WARN_64_TO_32_BIT_CONVERSION = YES;
				GCC_WARN_ABOUT_RETURN_TYPE = YES;
				GCC_WARN_UNINITIALIZED_AUTOS = YES;
				GCC_WARN_UNUSED_VARIABLE = YES;
				MACOSX_DEPLOYMENT_TARGET = 10.8;
				SDKROOT = macosx;
			};
			name = Release;
		};
		2192C92D17C7C060002209CB /* Debug */ = {
			isa = XCBuildConfiguration;
			buildSettings = {
				GCC_PRECOMPILE_PREFIX_HEADER = YES;
				GCC_PREFIX_HEADER = "Function/Function-Prefix.pch";
				PRODUCT_NAME = "$(TARGET_NAME)";
			};
			name = Debug;
		};
		2192C92E17C7C060002209CB /* Release */ = {
			isa = XCBuildConfiguration;
			buildSettings = {
				GCC_PRECOMPILE_PREFIX_HEADER = YES;
				GCC_PREFIX_HEADER = "Function/Function-Prefix.pch";
				PRODUCT_NAME = "$(TARGET_NAME)";
			};
			name = Release;
		};
/* End XCBuildConfiguration section */

/* Begin XCConfigurationList section */
		2192C91917C7C060002209CB /* Build configuration list for PBXProject "Function" */ = {
			isa = XCConfigurationList;
			buildConfigurations = (
				2192C92A17C7C060002209CB /* Debug */,
				2192C92B17C7C060002209CB /* Release */,
			);
			defaultConfigurationIsVisible = 0;
			defaultConfigurationName = Release;
		};
		2192C92C17C7C060002209CB /* Build configuration list for PBXNativeTarget "Function" */ = {
			isa = XCConfigurationList;
			buildConfigurations = (
				2192C92D17C7C060002209CB /* Debug */,
				2192C92E17C7C060002209CB /* Release */,
			);
			defaultConfigurationIsVisible = 0;
		};
/* End XCConfigurationList section */
	};
	rootObject = 2192C91617C7C060002209CB /* Project object */;
}
