// !$*UTF8*$!
{
	archiveVersion = 1;
	classes = {
	};
	objectVersion = 46;
	objects = {

/* Begin PBXBuildFile section */
		21A3B83317B155CC00E168EC /* Example_Main.m in Sources */ = {isa = PBXBuildFile; fileRef = 21A3B83217B155CC00E168EC /* Example_Main.m */; };
		21E3672C17A965A900C32729 /* Foundation.framework in Frameworks */ = {isa = PBXBuildFile; fileRef = 21E3672B17A965A900C32729 /* Foundation.framework */; };
		21E3672F17A965A900C32729 /* main.m in Sources */ = {isa = PBXBuildFile; fileRef = 21E3672E17A965A900C32729 /* main.m */; };
		21E3673317A965A900C32729 /* Example.1 in CopyFiles */ = {isa = PBXBuildFile; fileRef = 21E3673217A965A900C32729 /* Example.1 */; };
/* End PBXBuildFile section */

/* Begin PBXCopyFilesBuildPhase section */
		21E3672617A965A800C32729 /* CopyFiles */ = {
			isa = PBXCopyFilesBuildPhase;
			buildActionMask = 2147483647;
			dstPath = /usr/share/man/man1/;
			dstSubfolderSpec = 0;
			files = (
				21E3673317A965A900C32729 /* Example.1 in CopyFiles */,
			);
			runOnlyForDeploymentPostprocessing = 1;
		};
/* End PBXCopyFilesBuildPhase section */

/* Begin PBXFileReference section */
		21A3B83217B155CC00E168EC /* Example_Main.m */ = {isa = PBXFileReference; fileEncoding = 4; lastKnownFileType = sourcecode.c.objc; path = Example_Main.m; sourceTree = "<group>"; };
		21E3672817A965A900C32729 /* Example */ = {isa = PBXFileReference; explicitFileType = "compiled.mach-o.executable"; includeInIndex = 0; path = Example; sourceTree = BUILT_PRODUCTS_DIR; };
		21E3672B17A965A900C32729 /* Foundation.framework */ = {isa = PBXFileReference; lastKnownFileType = wrapper.framework; name = Foundation.framework; path = System/Library/Frameworks/Foundation.framework; sourceTree = SDKROOT; };
		21E3672E17A965A900C32729 /* main.m */ = {isa = PBXFileReference; lastKnownFileType = sourcecode.c.objc; path = main.m; sourceTree = "<group>"; };
		21E3673117A965A900C32729 /* Example-Prefix.pch */ = {isa = PBXFileReference; lastKnownFileType = sourcecode.c.h; path = "Example-Prefix.pch"; sourceTree = "<group>"; };
		21E3673217A965A900C32729 /* Example.1 */ = {isa = PBXFileReference; lastKnownFileType = text.man; path = Example.1; sourceTree = "<group>"; };
/* End PBXFileReference section */

/* Begin PBXFrameworksBuildPhase section */
		21E3672517A965A800C32729 /* Frameworks */ = {
			isa = PBXFrameworksBuildPhase;
			buildActionMask = 2147483647;
			files = (
				21E3672C17A965A900C32729 /* Foundation.framework in Frameworks */,
			);
			runOnlyForDeploymentPostprocessing = 0;
		};
/* End PBXFrameworksBuildPhase section */

/* Begin PBXGroup section */
		21E3671F17A965A800C32729 = {
			isa = PBXGroup;
			children = (
				21E3672D17A965A900C32729 /* Example */,
				21E3672A17A965A900C32729 /* Frameworks */,
				21E3672917A965A900C32729 /* Products */,
			);
			sourceTree = "<group>";
		};
		21E3672917A965A900C32729 /* Products */ = {
			isa = PBXGroup;
			children = (
				21E3672817A965A900C32729 /* Example */,
			);
			name = Products;
			sourceTree = "<group>";
		};
		21E3672A17A965A900C32729 /* Frameworks */ = {
			isa = PBXGroup;
			children = (
				21E3672B17A965A900C32729 /* Foundation.framework */,
			);
			name = Frameworks;
			sourceTree = "<group>";
		};
		21E3672D17A965A900C32729 /* Example */ = {
			isa = PBXGroup;
			children = (
				21E3672E17A965A900C32729 /* main.m */,
				21A3B83217B155CC00E168EC /* Example_Main.m */,
				21E3673217A965A900C32729 /* Example.1 */,
				21E3673017A965A900C32729 /* Supporting Files */,
			);
			path = Example;
			sourceTree = "<group>";
		};
		21E3673017A965A900C32729 /* Supporting Files */ = {
			isa = PBXGroup;
			children = (
				21E3673117A965A900C32729 /* Example-Prefix.pch */,
			);
			name = "Supporting Files";
			sourceTree = "<group>";
		};
/* End PBXGroup section */

/* Begin PBXNativeTarget section */
		21E3672717A965A800C32729 /* Example */ = {
			isa = PBXNativeTarget;
			buildConfigurationList = 21E3673617A965A900C32729 /* Build configuration list for PBXNativeTarget "Example" */;
			buildPhases = (
				21E3672417A965A800C32729 /* Sources */,
				21E3672517A965A800C32729 /* Frameworks */,
				21E3672617A965A800C32729 /* CopyFiles */,
			);
			buildRules = (
			);
			dependencies = (
			);
			name = Example;
			productName = Example;
			productReference = 21E3672817A965A900C32729 /* Example */;
			productType = "com.apple.product-type.tool";
		};
/* End PBXNativeTarget section */

/* Begin PBXProject section */
		21E3672017A965A800C32729 /* Project object */ = {
			isa = PBXProject;
			attributes = {
				LastUpgradeCheck = 0460;
				ORGANIZATIONNAME = XUZAN;
			};
			buildConfigurationList = 21E3672317A965A800C32729 /* Build configuration list for PBXProject "Example" */;
			compatibilityVersion = "Xcode 3.2";
			developmentRegion = English;
			hasScannedForEncodings = 0;
			knownRegions = (
				en,
			);
			mainGroup = 21E3671F17A965A800C32729;
			productRefGroup = 21E3672917A965A900C32729 /* Products */;
			projectDirPath = "";
			projectRoot = "";
			targets = (
				21E3672717A965A800C32729 /* Example */,
			);
		};
/* End PBXProject section */

/* Begin PBXSourcesBuildPhase section */
		21E3672417A965A800C32729 /* Sources */ = {
			isa = PBXSourcesBuildPhase;
			buildActionMask = 2147483647;
			files = (
				21E3672F17A965A900C32729 /* main.m in Sources */,
				21A3B83317B155CC00E168EC /* Example_Main.m in Sources */,
			);
			runOnlyForDeploymentPostprocessing = 0;
		};
/* End PBXSourcesBuildPhase section */

/* Begin XCBuildConfiguration section */
		21E3673417A965A900C32729 /* Debug */ = {
			isa = XCBuildConfiguration;
			buildSettings = {
				ALWAYS_SEARCH_USER_PATHS = NO;
				ARCHS = "$(ARCHS_STANDARD_64_BIT)";
				CLANG_CXX_LANGUAGE_STANDARD = "gnu++0x";
				CLANG_CXX_LIBRARY = "libc++";
				CLANG_WARN_CONSTANT_CONVERSION = YES;
				CLANG_WARN_EMPTY_BODY = YES;
				CLANG_WARN_ENUM_CONVERSION = YES;
				CLANG_WARN_INT_CONVERSION = YES;
				CLANG_WARN__DUPLICATE_METHOD_MATCH = YES;
				COPY_PHASE_STRIP = NO;
				GCC_C_LANGUAGE_STANDARD = gnu99;
				GCC_DYNAMIC_NO_PIC = NO;
				GCC_ENABLE_OBJC_EXCEPTIONS = YES;
				GCC_OPTIMIZATION_LEVEL = 0;
				GCC_PREPROCESSOR_DEFINITIONS = (
					"DEBUG=1",
					"$(inherited)",
				);
				GCC_SYMBOLS_PRIVATE_EXTERN = NO;
				GCC_WARN_64_TO_32_BIT_CONVERSION = YES;
				GCC_WARN_ABOUT_RETURN_TYPE = YES;
				GCC_WARN_UNINITIALIZED_AUTOS = YES;
				GCC_WARN_UNUSED_VARIABLE = YES;
				MACOSX_DEPLOYMENT_TARGET = 10.8;
				ONLY_ACTIVE_ARCH = YES;
				SDKROOT = macosx;
			};
			name = Debug;
		};
		21E3673517A965A900C32729 /* Release */ = {
			isa = XCBuildConfiguration;
			buildSettings = {
				ALWAYS_SEARCH_USER_PATHS = NO;
				ARCHS = "$(ARCHS_STANDARD_64_BIT)";
				CLANG_CXX_LANGUAGE_STANDARD = "gnu++0x";
				CLANG_CXX_LIBRARY = "libc++";
				CLANG_WARN_CONSTANT_CONVERSION = YES;
				CLANG_WARN_EMPTY_BODY = YES;
				CLANG_WARN_ENUM_CONVERSION = YES;
				CLANG_WARN_INT_CONVERSION = YES;
				CLANG_WARN__DUPLICATE_METHOD_MATCH = YES;
				COPY_PHASE_STRIP = YES;
				DEBUG_INFORMATION_FORMAT = "dwarf-with-dsym";
				GCC_C_LANGUAGE_STANDARD = gnu99;
				GCC_ENABLE_OBJC_EXCEPTIONS = YES;
				GCC_WARN_64_TO_32_BIT_CONVERSION = YES;
				GCC_WARN_ABOUT_RETURN_TYPE = YES;
				GCC_WARN_UNINITIALIZED_AUTOS = YES;
				GCC_WARN_UNUSED_VARIABLE = YES;
				MACOSX_DEPLOYMENT_TARGET = 10.8;
				SDKROOT = macosx;
			};
			name = Release;
		};
		21E3673717A965A900C32729 /* Debug */ = {
			isa = XCBuildConfiguration;
			buildSettings = {
				GCC_PRECOMPILE_PREFIX_HEADER = YES;
				GCC_PREFIX_HEADER = "Example/Example-Prefix.pch";
				PRODUCT_NAME = "$(TARGET_NAME)";
			};
			name = Debug;
		};
		21E3673817A965A900C32729 /* Release */ = {
			isa = XCBuildConfiguration;
			buildSettings = {
				GCC_PRECOMPILE_PREFIX_HEADER = YES;
				GCC_PREFIX_HEADER = "Example/Example-Prefix.pch";
				PRODUCT_NAME = "$(TARGET_NAME)";
			};
			name = Release;
		};
/* End XCBuildConfiguration section */

/* Begin XCConfigurationList section */
		21E3672317A965A800C32729 /* Build configuration list for PBXProject "Example" */ = {
			isa = XCConfigurationList;
			buildConfigurations = (
				21E3673417A965A900C32729 /* Debug */,
				21E3673517A965A900C32729 /* Release */,
			);
			defaultConfigurationIsVisible = 0;
			defaultConfigurationName = Release;
		};
		21E3673617A965A900C32729 /* Build configuration list for PBXNativeTarget "Example" */ = {
			isa = XCConfigurationList;
			buildConfigurations = (
				21E3673717A965A900C32729 /* Debug */,
				21E3673817A965A900C32729 /* Release */,
			);
			defaultConfigurationIsVisible = 0;
			defaultConfigurationName = Release;
		};
/* End XCConfigurationList section */
	};
	rootObject = 21E3672017A965A800C32729 /* Project object */;
}
