// !$*UTF8*$!
{
	archiveVersion = 1;
	classes = {
	};
	objectVersion = 46;
	objects = {

/* Begin PBXBuildFile section */
		21160E7B17A17EEC00C4500E /* Cocoa.framework in Frameworks */ = {isa = PBXBuildFile; fileRef = 21160E7A17A17EEC00C4500E /* Cocoa.framework */; };
		21160E8517A17EEC00C4500E /* InfoPlist.strings in Resources */ = {isa = PBXBuildFile; fileRef = 21160E8317A17EEC00C4500E /* InfoPlist.strings */; };
		21160E8717A17EEC00C4500E /* main.m in Sources */ = {isa = PBXBuildFile; fileRef = 21160E8617A17EEC00C4500E /* main.m */; };
		21160E8B17A17EEC00C4500E /* Credits.rtf in Resources */ = {isa = PBXBuildFile; fileRef = 21160E8917A17EEC00C4500E /* Credits.rtf */; };
		21160E8E17A17EEC00C4500E /* AppDelegate.m in Sources */ = {isa = PBXBuildFile; fileRef = 21160E8D17A17EEC00C4500E /* AppDelegate.m */; };
		21160E9117A17EEC00C4500E /* MainMenu.xib in Resources */ = {isa = PBXBuildFile; fileRef = 21160E8F17A17EEC00C4500E /* MainMenu.xib */; };
/* End PBXBuildFile section */

/* Begin PBXFileReference section */
		21160E7717A17EEC00C4500E /* TextApp.app */ = {isa = PBXFileReference; explicitFileType = wrapper.application; includeInIndex = 0; path = TextApp.app; sourceTree = BUILT_PRODUCTS_DIR; };
		21160E7A17A17EEC00C4500E /* Cocoa.framework */ = {isa = PBXFileReference; lastKnownFileType = wrapper.framework; name = Cocoa.framework; path = System/Library/Frameworks/Cocoa.framework; sourceTree = SDKROOT; };
		21160E7D17A17EEC00C4500E /* AppKit.framework */ = {isa = PBXFileReference; lastKnownFileType = wrapper.framework; name = AppKit.framework; path = System/Library/Frameworks/AppKit.framework; sourceTree = SDKROOT; };
		21160E7E17A17EEC00C4500E /* CoreData.framework */ = {isa = PBXFileReference; lastKnownFileType = wrapper.framework; name = CoreData.framework; path = System/Library/Frameworks/CoreData.framework; sourceTree = SDKROOT; };
		21160E7F17A17EEC00C4500E /* Foundation.framework */ = {isa = PBXFileReference; lastKnownFileType = wrapper.framework; name = Foundation.framework; path = System/Library/Frameworks/Foundation.framework; sourceTree = SDKROOT; };
		21160E8217A17EEC00C4500E /* TextApp-Info.plist */ = {isa = PBXFileReference; lastKnownFileType = text.plist.xml; path = "TextApp-Info.plist"; sourceTree = "<group>"; };
		21160E8417A17EEC00C4500E /* en */ = {isa = PBXFileReference; lastKnownFileType = text.plist.strings; name = en; path = en.lproj/InfoPlist.strings; sourceTree = "<group>"; };
		21160E8617A17EEC00C4500E /* main.m */ = {isa = PBXFileReference; lastKnownFileType = sourcecode.c.objc; path = main.m; sourceTree = "<group>"; };
		21160E8817A17EEC00C4500E /* TextApp-Prefix.pch */ = {isa = PBXFileReference; lastKnownFileType = sourcecode.c.h; path = "TextApp-Prefix.pch"; sourceTree = "<group>"; };
		21160E8A17A17EEC00C4500E /* en */ = {isa = PBXFileReference; lastKnownFileType = text.rtf; name = en; path = en.lproj/Credits.rtf; sourceTree = "<group>"; };
		21160E8C17A17EEC00C4500E /* AppDelegate.h */ = {isa = PBXFileReference; lastKnownFileType = sourcecode.c.h; path = AppDelegate.h; sourceTree = "<group>"; };
		21160E8D17A17EEC00C4500E /* AppDelegate.m */ = {isa = PBXFileReference; lastKnownFileType = sourcecode.c.objc; path = AppDelegate.m; sourceTree = "<group>"; };
		21160E9017A17EEC00C4500E /* en */ = {isa = PBXFileReference; lastKnownFileType = file.xib; name = en; path = en.lproj/MainMenu.xib; sourceTree = "<group>"; };
/* End PBXFileReference section */

/* Begin PBXFrameworksBuildPhase section */
		21160E7417A17EEC00C4500E /* Frameworks */ = {
			isa = PBXFrameworksBuildPhase;
			buildActionMask = 2147483647;
			files = (
				21160E7B17A17EEC00C4500E /* Cocoa.framework in Frameworks */,
			);
			runOnlyForDeploymentPostprocessing = 0;
		};
/* End PBXFrameworksBuildPhase section */

/* Begin PBXGroup section */
		21160E6E17A17EEB00C4500E = {
			isa = PBXGroup;
			children = (
				21160E8017A17EEC00C4500E /* TextApp */,
				21160E7917A17EEC00C4500E /* Frameworks */,
				21160E7817A17EEC00C4500E /* Products */,
			);
			sourceTree = "<group>";
		};
		21160E7817A17EEC00C4500E /* Products */ = {
			isa = PBXGroup;
			children = (
				21160E7717A17EEC00C4500E /* TextApp.app */,
			);
			name = Products;
			sourceTree = "<group>";
		};
		21160E7917A17EEC00C4500E /* Frameworks */ = {
			isa = PBXGroup;
			children = (
				21160E7A17A17EEC00C4500E /* Cocoa.framework */,
				21160E7C17A17EEC00C4500E /* Other Frameworks */,
			);
			name = Frameworks;
			sourceTree = "<group>";
		};
		21160E7C17A17EEC00C4500E /* Other Frameworks */ = {
			isa = PBXGroup;
			children = (
				21160E7D17A17EEC00C4500E /* AppKit.framework */,
				21160E7E17A17EEC00C4500E /* CoreData.framework */,
				21160E7F17A17EEC00C4500E /* Foundation.framework */,
			);
			name = "Other Frameworks";
			sourceTree = "<group>";
		};
		21160E8017A17EEC00C4500E /* TextApp */ = {
			isa = PBXGroup;
			children = (
				21160E8C17A17EEC00C4500E /* AppDelegate.h */,
				21160E8D17A17EEC00C4500E /* AppDelegate.m */,
				21160E8F17A17EEC00C4500E /* MainMenu.xib */,
				21160E8117A17EEC00C4500E /* Supporting Files */,
			);
			path = TextApp;
			sourceTree = "<group>";
		};
		21160E8117A17EEC00C4500E /* Supporting Files */ = {
			isa = PBXGroup;
			children = (
				21160E8217A17EEC00C4500E /* TextApp-Info.plist */,
				21160E8317A17EEC00C4500E /* InfoPlist.strings */,
				21160E8617A17EEC00C4500E /* main.m */,
				21160E8817A17EEC00C4500E /* TextApp-Prefix.pch */,
				21160E8917A17EEC00C4500E /* Credits.rtf */,
			);
			name = "Supporting Files";
			sourceTree = "<group>";
		};
/* End PBXGroup section */

/* Begin PBXNativeTarget section */
		21160E7617A17EEC00C4500E /* TextApp */ = {
			isa = PBXNativeTarget;
			buildConfigurationList = 21160E9417A17EEC00C4500E /* Build configuration list for PBXNativeTarget "TextApp" */;
			buildPhases = (
				21160E7317A17EEC00C4500E /* Sources */,
				21160E7417A17EEC00C4500E /* Frameworks */,
				21160E7517A17EEC00C4500E /* Resources */,
			);
			buildRules = (
			);
			dependencies = (
			);
			name = TextApp;
			productName = TextApp;
			productReference = 21160E7717A17EEC00C4500E /* TextApp.app */;
			productType = "com.apple.product-type.application";
		};
/* End PBXNativeTarget section */

/* Begin PBXProject section */
		21160E6F17A17EEC00C4500E /* Project object */ = {
			isa = PBXProject;
			attributes = {
				LastUpgradeCheck = 0460;
				ORGANIZATIONNAME = XUZAN;
			};
			buildConfigurationList = 21160E7217A17EEC00C4500E /* Build configuration list for PBXProject "TextApp" */;
			compatibilityVersion = "Xcode 3.2";
			developmentRegion = English;
			hasScannedForEncodings = 0;
			knownRegions = (
				en,
			);
			mainGroup = 21160E6E17A17EEB00C4500E;
			productRefGroup = 21160E7817A17EEC00C4500E /* Products */;
			projectDirPath = "";
			projectRoot = "";
			targets = (
				21160E7617A17EEC00C4500E /* TextApp */,
			);
		};
/* End PBXProject section */

/* Begin PBXResourcesBuildPhase section */
		21160E7517A17EEC00C4500E /* Resources */ = {
			isa = PBXResourcesBuildPhase;
			buildActionMask = 2147483647;
			files = (
				21160E8517A17EEC00C4500E /* InfoPlist.strings in Resources */,
				21160E8B17A17EEC00C4500E /* Credits.rtf in Resources */,
				21160E9117A17EEC00C4500E /* MainMenu.xib in Resources */,
			);
			runOnlyForDeploymentPostprocessing = 0;
		};
/* End PBXResourcesBuildPhase section */

/* Begin PBXSourcesBuildPhase section */
		21160E7317A17EEC00C4500E /* Sources */ = {
			isa = PBXSourcesBuildPhase;
			buildActionMask = 2147483647;
			files = (
				21160E8717A17EEC00C4500E /* main.m in Sources */,
				21160E8E17A17EEC00C4500E /* AppDelegate.m in Sources */,
			);
			runOnlyForDeploymentPostprocessing = 0;
		};
/* End PBXSourcesBuildPhase section */

/* Begin PBXVariantGroup section */
		21160E8317A17EEC00C4500E /* InfoPlist.strings */ = {
			isa = PBXVariantGroup;
			children = (
				21160E8417A17EEC00C4500E /* en */,
			);
			name = InfoPlist.strings;
			sourceTree = "<group>";
		};
		21160E8917A17EEC00C4500E /* Credits.rtf */ = {
			isa = PBXVariantGroup;
			children = (
				21160E8A17A17EEC00C4500E /* en */,
			);
			name = Credits.rtf;
			sourceTree = "<group>";
		};
		21160E8F17A17EEC00C4500E /* MainMenu.xib */ = {
			isa = PBXVariantGroup;
			children = (
				21160E9017A17EEC00C4500E /* en */,
			);
			name = MainMenu.xib;
			sourceTree = "<group>";
		};
/* End PBXVariantGroup section */

/* Begin XCBuildConfiguration section */
		21160E9217A17EEC00C4500E /* Debug */ = {
			isa = XCBuildConfiguration;
			buildSettings = {
				ALWAYS_SEARCH_USER_PATHS = NO;
				ARCHS = "$(ARCHS_STANDARD_64_BIT)";
				CLANG_CXX_LANGUAGE_STANDARD = "gnu++0x";
				CLANG_CXX_LIBRARY = "libc++";
				CLANG_WARN_CONSTANT_CONVERSION = YES;
				CLANG_WARN_EMPTY_BODY = YES;
				CLANG_WARN_ENUM_CONVERSION = YES;
				CLANG_WARN_INT_CONVERSION = YES;
				CLANG_WARN__DUPLICATE_METHOD_MATCH = YES;
				COPY_PHASE_STRIP = NO;
				GCC_C_LANGUAGE_STANDARD = gnu99;
				GCC_DYNAMIC_NO_PIC = NO;
				GCC_ENABLE_OBJC_EXCEPTIONS = YES;
				GCC_OPTIMIZATION_LEVEL = 0;
				GCC_PREPROCESSOR_DEFINITIONS = (
					"DEBUG=1",
					"$(inherited)",
				);
				GCC_SYMBOLS_PRIVATE_EXTERN = NO;
				GCC_WARN_64_TO_32_BIT_CONVERSION = YES;
				GCC_WARN_ABOUT_RETURN_TYPE = YES;
				GCC_WARN_UNINITIALIZED_AUTOS = YES;
				GCC_WARN_UNUSED_VARIABLE = YES;
				MACOSX_DEPLOYMENT_TARGET = 10.8;
				ONLY_ACTIVE_ARCH = YES;
				SDKROOT = macosx;
			};
			name = Debug;
		};
		21160E9317A17EEC00C4500E /* Release */ = {
			isa = XCBuildConfiguration;
			buildSettings = {
				ALWAYS_SEARCH_USER_PATHS = NO;
				ARCHS = "$(ARCHS_STANDARD_64_BIT)";
				CLANG_CXX_LANGUAGE_STANDARD = "gnu++0x";
				CLANG_CXX_LIBRARY = "libc++";
				CLANG_WARN_CONSTANT_CONVERSION = YES;
				CLANG_WARN_EMPTY_BODY = YES;
				CLANG_WARN_ENUM_CONVERSION = YES;
				CLANG_WARN_INT_CONVERSION = YES;
				CLANG_WARN__DUPLICATE_METHOD_MATCH = YES;
				COPY_PHASE_STRIP = YES;
				DEBUG_INFORMATION_FORMAT = "dwarf-with-dsym";
				GCC_C_LANGUAGE_STANDARD = gnu99;
				GCC_ENABLE_OBJC_EXCEPTIONS = YES;
				GCC_WARN_64_TO_32_BIT_CONVERSION = YES;
				GCC_WARN_ABOUT_RETURN_TYPE = YES;
				GCC_WARN_UNINITIALIZED_AUTOS = YES;
				GCC_WARN_UNUSED_VARIABLE = YES;
				MACOSX_DEPLOYMENT_TARGET = 10.8;
				SDKROOT = macosx;
			};
			name = Release;
		};
		21160E9517A17EEC00C4500E /* Debug */ = {
			isa = XCBuildConfiguration;
			buildSettings = {
				COMBINE_HIDPI_IMAGES = YES;
				GCC_PRECOMPILE_PREFIX_HEADER = YES;
				GCC_PREFIX_HEADER = "TextApp/TextApp-Prefix.pch";
				INFOPLIST_FILE = "TextApp/TextApp-Info.plist";
				PRODUCT_NAME = "$(TARGET_NAME)";
				WRAPPER_EXTENSION = app;
			};
			name = Debug;
		};
		21160E9617A17EEC00C4500E /* Release */ = {
			isa = XCBuildConfiguration;
			buildSettings = {
				COMBINE_HIDPI_IMAGES = YES;
				GCC_PRECOMPILE_PREFIX_HEADER = YES;
				GCC_PREFIX_HEADER = "TextApp/TextApp-Prefix.pch";
				INFOPLIST_FILE = "TextApp/TextApp-Info.plist";
				PRODUCT_NAME = "$(TARGET_NAME)";
				WRAPPER_EXTENSION = app;
			};
			name = Release;
		};
/* End XCBuildConfiguration section */

/* Begin XCConfigurationList section */
		21160E7217A17EEC00C4500E /* Build configuration list for PBXProject "TextApp" */ = {
			isa = XCConfigurationList;
			buildConfigurations = (
				21160E9217A17EEC00C4500E /* Debug */,
				21160E9317A17EEC00C4500E /* Release */,
			);
			defaultConfigurationIsVisible = 0;
			defaultConfigurationName = Release;
		};
		21160E9417A17EEC00C4500E /* Build configuration list for PBXNativeTarget "TextApp" */ = {
			isa = XCConfigurationList;
			buildConfigurations = (
				21160E9517A17EEC00C4500E /* Debug */,
				21160E9617A17EEC00C4500E /* Release */,
			);
			defaultConfigurationIsVisible = 0;
		};
/* End XCConfigurationList section */
	};
	rootObject = 21160E6F17A17EEC00C4500E /* Project object */;
}
